// !$*UTF8*$!
{
	archiveVersion = 1;
	classes = {
	};
	objectVersion = 46;
	objects = {

/* Begin PBXBuildFile section */
		9722FC2C1D5C153D0025A91D /* AppDelegate.swift in Sources */ = {isa = PBXBuildFile; fileRef = 9722FC2B1D5C153D0025A91D /* AppDelegate.swift */; };
		9722FC2E1D5C153D0025A91D /* ViewController.swift in Sources */ = {isa = PBXBuildFile; fileRef = 9722FC2D1D5C153D0025A91D /* ViewController.swift */; };
		9722FC301D5C153D0025A91D /* Assets.xcassets in Resources */ = {isa = PBXBuildFile; fileRef = 9722FC2F1D5C153D0025A91D /* Assets.xcassets */; };
		9722FC331D5C153D0025A91D /* Main.storyboard in Resources */ = {isa = PBXBuildFile; fileRef = 9722FC311D5C153D0025A91D /* Main.storyboard */; };
		9722FC3E1D5C153D0025A91D /* NPDAutomatonTests.swift in Sources */ = {isa = PBXBuildFile; fileRef = 9722FC3D1D5C153D0025A91D /* NPDAutomatonTests.swift */; };
		9722FC5F1D5C157B0025A91D /* Acceptable.swift in Sources */ = {isa = PBXBuildFile; fileRef = 9722FC491D5C157B0025A91D /* Acceptable.swift */; };
		9722FC631D5C157B0025A91D /* FSMachine.swift in Sources */ = {isa = PBXBuildFile; fileRef = 9722FC4E1D5C157B0025A91D /* FSMachine.swift */; };
		9722FC651D5C157B0025A91D /* PDAutomaton.swift in Sources */ = {isa = PBXBuildFile; fileRef = 9722FC501D5C157B0025A91D /* PDAutomaton.swift */; };
		9722FC661D5C157B0025A91D /* Stack.swift in Sources */ = {isa = PBXBuildFile; fileRef = 9722FC521D5C157B0025A91D /* Stack.swift */; };
		9722FC671D5C157B0025A91D /* StackRecord.swift in Sources */ = {isa = PBXBuildFile; fileRef = 9722FC531D5C157B0025A91D /* StackRecord.swift */; };
		9722FC681D5C157B0025A91D /* RegExBuilder.swift in Sources */ = {isa = PBXBuildFile; fileRef = 9722FC551D5C157B0025A91D /* RegExBuilder.swift */; };
		9722FC691D5C157B0025A91D /* State.swift in Sources */ = {isa = PBXBuildFile; fileRef = 9722FC561D5C157B0025A91D /* State.swift */; };
		9722FC6A1D5C157B0025A91D /* StateBuilder.swift in Sources */ = {isa = PBXBuildFile; fileRef = 9722FC571D5C157B0025A91D /* StateBuilder.swift */; };
		9722FC6B1D5C157B0025A91D /* Transition.swift in Sources */ = {isa = PBXBuildFile; fileRef = 9722FC581D5C157B0025A91D /* Transition.swift */; };
		9722FC6C1D5C157B0025A91D /* StringTape.swift in Sources */ = {isa = PBXBuildFile; fileRef = 9722FC5A1D5C157B0025A91D /* StringTape.swift */; };
		9722FC6D1D5C157B0025A91D /* Tape.swift in Sources */ = {isa = PBXBuildFile; fileRef = 9722FC5B1D5C157B0025A91D /* Tape.swift */; };
		9722FC6E1D5C157B0025A91D /* CharToken.swift in Sources */ = {isa = PBXBuildFile; fileRef = 9722FC5D1D5C157B0025A91D /* CharToken.swift */; };
		9727596B1D666B3D00F3DE14 /* NFAutomatonTests.swift in Sources */ = {isa = PBXBuildFile; fileRef = 9733D7551D665911006E06DD /* NFAutomatonTests.swift */; };
		9733D74B1D64437A006E06DD /* NFAutomaton.swift in Sources */ = {isa = PBXBuildFile; fileRef = 9733D74A1D64437A006E06DD /* NFAutomaton.swift */; };
		9733D74F1D665327006E06DD /* NTransition.swift in Sources */ = {isa = PBXBuildFile; fileRef = 9733D74E1D665327006E06DD /* NTransition.swift */; };
		9733D7521D665754006E06DD /* Automaton.swift in Sources */ = {isa = PBXBuildFile; fileRef = 9733D7511D665754006E06DD /* Automaton.swift */; };
		9733D7541D66581A006E06DD /* Counter.swift in Sources */ = {isa = PBXBuildFile; fileRef = 9733D7531D66581A006E06DD /* Counter.swift */; };
		9733D7591D66617E006E06DD /* EpsilonTransition.swift in Sources */ = {isa = PBXBuildFile; fileRef = 9733D7581D66617E006E06DD /* EpsilonTransition.swift */; };
		9733D75B1D66619F006E06DD /* TransitionProtocol.swift in Sources */ = {isa = PBXBuildFile; fileRef = 9733D75A1D66619F006E06DD /* TransitionProtocol.swift */; };
		9751DC251D67D8EB00A760E1 /* RegExStateBuilderTests.swift in Sources */ = {isa = PBXBuildFile; fileRef = 9751DC241D67D8EB00A760E1 /* RegExStateBuilderTests.swift */; };
		9751DC281D68E5C700A760E1 /* TransitionProperties.swift in Sources */ = {isa = PBXBuildFile; fileRef = 9751DC271D68E5C700A760E1 /* TransitionProperties.swift */; };
		9751DC2A1D68E64100A760E1 /* RegExState.swift in Sources */ = {isa = PBXBuildFile; fileRef = 9751DC291D68E64100A760E1 /* RegExState.swift */; };
		9751DC2C1D68E66100A760E1 /* TransitionBuilder.swift in Sources */ = {isa = PBXBuildFile; fileRef = 9751DC2B1D68E66100A760E1 /* TransitionBuilder.swift */; };
		9751DC2E1D6A6B6600A760E1 /* RegExBuilderInitializer.swift in Sources */ = {isa = PBXBuildFile; fileRef = 9751DC2D1D6A6B6600A760E1 /* RegExBuilderInitializer.swift */; };
		9751DC301D6A76BF00A760E1 /* CharRangeToken.swift in Sources */ = {isa = PBXBuildFile; fileRef = 9751DC2F1D6A76BF00A760E1 /* CharRangeToken.swift */; };
		9751DC331D6A77E100A760E1 /* TokenTests.swift in Sources */ = {isa = PBXBuildFile; fileRef = 9751DC321D6A77E100A760E1 /* TokenTests.swift */; };
		9751DC351D6A78E100A760E1 /* Extensions.swift in Sources */ = {isa = PBXBuildFile; fileRef = 9751DC341D6A78E100A760E1 /* Extensions.swift */; };
		9751DC371D6A865200A760E1 /* CharGroupToken.swift in Sources */ = {isa = PBXBuildFile; fileRef = 9751DC361D6A865200A760E1 /* CharGroupToken.swift */; };
		9751DC3A1D6A89D500A760E1 /* DigitToken.swift in Sources */ = {isa = PBXBuildFile; fileRef = 9751DC391D6A89D500A760E1 /* DigitToken.swift */; };
		9751DC3C1D6A8A2000A760E1 /* CharExclusionToken.swift in Sources */ = {isa = PBXBuildFile; fileRef = 9751DC3B1D6A8A2000A760E1 /* CharExclusionToken.swift */; };
		9751DC3E1D6A8A4600A760E1 /* WhiteSpaceToken.swift in Sources */ = {isa = PBXBuildFile; fileRef = 9751DC3D1D6A8A4600A760E1 /* WhiteSpaceToken.swift */; };
		9751DC401D6A8A5500A760E1 /* VerticalWhiteSpaceToken.swift in Sources */ = {isa = PBXBuildFile; fileRef = 9751DC3F1D6A8A5500A760E1 /* VerticalWhiteSpaceToken.swift */; };
		9751DC421D6A8A6F00A760E1 /* LowerCaseToken.swift in Sources */ = {isa = PBXBuildFile; fileRef = 9751DC411D6A8A6F00A760E1 /* LowerCaseToken.swift */; };
		9751DC441D6A8A8100A760E1 /* UpperCaseToken.swift in Sources */ = {isa = PBXBuildFile; fileRef = 9751DC431D6A8A8100A760E1 /* UpperCaseToken.swift */; };
		9751DC461D6A8A9100A760E1 /* HexToken.swift in Sources */ = {isa = PBXBuildFile; fileRef = 9751DC451D6A8A9100A760E1 /* HexToken.swift */; };
		9751DC481D6A8AEA00A760E1 /* WordToken.swift in Sources */ = {isa = PBXBuildFile; fileRef = 9751DC471D6A8AEA00A760E1 /* WordToken.swift */; };
		9751DC4A1D6AB8A200A760E1 /* AnyToken.swift in Sources */ = {isa = PBXBuildFile; fileRef = 9751DC491D6AB8A200A760E1 /* AnyToken.swift */; };
		976A37231D628516004283F3 /* RegEx.swift in Sources */ = {isa = PBXBuildFile; fileRef = 976A37221D628516004283F3 /* RegEx.swift */; };
		976A37251D628AD2004283F3 /* RegExTests.swift in Sources */ = {isa = PBXBuildFile; fileRef = 976A37241D628AD2004283F3 /* RegExTests.swift */; };
		97A5EDF71D6794F400BE8196 /* PDAutomatonTests.swift in Sources */ = {isa = PBXBuildFile; fileRef = 97A5EDF61D6794F400BE8196 /* PDAutomatonTests.swift */; };
		97DC15211D66820E001B32CB /* StateRecordList.swift in Sources */ = {isa = PBXBuildFile; fileRef = 97DC15201D66820E001B32CB /* StateRecordList.swift */; };
		97DC15241D668319001B32CB /* StateRecord.swift in Sources */ = {isa = PBXBuildFile; fileRef = 97DC15231D668319001B32CB /* StateRecord.swift */; };
		97DC15261D66AA3E001B32CB /* NPDAutomaton.swift in Sources */ = {isa = PBXBuildFile; fileRef = 97DC15251D66AA3E001B32CB /* NPDAutomaton.swift */; };
/* End PBXBuildFile section */

/* Begin PBXContainerItemProxy section */
		9722FC3A1D5C153D0025A91D /* PBXContainerItemProxy */ = {
			isa = PBXContainerItemProxy;
			containerPortal = 9722FC201D5C153D0025A91D /* Project object */;
			proxyType = 1;
			remoteGlobalIDString = 9722FC271D5C153D0025A91D;
			remoteInfo = PDAutomaton;
		};
/* End PBXContainerItemProxy section */

/* Begin PBXFileReference section */
		9722FC281D5C153D0025A91D /* PDAutomaton.app */ = {isa = PBXFileReference; explicitFileType = wrapper.application; includeInIndex = 0; path = PDAutomaton.app; sourceTree = BUILT_PRODUCTS_DIR; };
		9722FC2B1D5C153D0025A91D /* AppDelegate.swift */ = {isa = PBXFileReference; lastKnownFileType = sourcecode.swift; path = AppDelegate.swift; sourceTree = "<group>"; };
		9722FC2D1D5C153D0025A91D /* ViewController.swift */ = {isa = PBXFileReference; lastKnownFileType = sourcecode.swift; path = ViewController.swift; sourceTree = "<group>"; };
		9722FC2F1D5C153D0025A91D /* Assets.xcassets */ = {isa = PBXFileReference; lastKnownFileType = folder.assetcatalog; path = Assets.xcassets; sourceTree = "<group>"; };
		9722FC321D5C153D0025A91D /* Base */ = {isa = PBXFileReference; lastKnownFileType = file.storyboard; name = Base; path = Base.lproj/Main.storyboard; sourceTree = "<group>"; };
		9722FC341D5C153D0025A91D /* Info.plist */ = {isa = PBXFileReference; lastKnownFileType = text.plist.xml; path = Info.plist; sourceTree = "<group>"; };
		9722FC391D5C153D0025A91D /* PDAutomatonTests.xctest */ = {isa = PBXFileReference; explicitFileType = wrapper.cfbundle; includeInIndex = 0; path = PDAutomatonTests.xctest; sourceTree = BUILT_PRODUCTS_DIR; };
		9722FC3D1D5C153D0025A91D /* NPDAutomatonTests.swift */ = {isa = PBXFileReference; lastKnownFileType = sourcecode.swift; name = NPDAutomatonTests.swift; path = ../../PDAutomatonTests/NPDAutomatonTests.swift; sourceTree = "<group>"; };
		9722FC3F1D5C153D0025A91D /* Info.plist */ = {isa = PBXFileReference; lastKnownFileType = text.plist.xml; path = Info.plist; sourceTree = "<group>"; };
		9722FC491D5C157B0025A91D /* Acceptable.swift */ = {isa = PBXFileReference; fileEncoding = 4; lastKnownFileType = sourcecode.swift; path = Acceptable.swift; sourceTree = "<group>"; };
		9722FC4E1D5C157B0025A91D /* FSMachine.swift */ = {isa = PBXFileReference; fileEncoding = 4; lastKnownFileType = sourcecode.swift; path = FSMachine.swift; sourceTree = "<group>"; };
		9722FC501D5C157B0025A91D /* PDAutomaton.swift */ = {isa = PBXFileReference; fileEncoding = 4; lastKnownFileType = sourcecode.swift; path = PDAutomaton.swift; sourceTree = "<group>"; };
		9722FC521D5C157B0025A91D /* Stack.swift */ = {isa = PBXFileReference; fileEncoding = 4; lastKnownFileType = sourcecode.swift; path = Stack.swift; sourceTree = "<group>"; };
		9722FC531D5C157B0025A91D /* StackRecord.swift */ = {isa = PBXFileReference; fileEncoding = 4; lastKnownFileType = sourcecode.swift; path = StackRecord.swift; sourceTree = "<group>"; };
		9722FC551D5C157B0025A91D /* RegExBuilder.swift */ = {isa = PBXFileReference; fileEncoding = 4; lastKnownFileType = sourcecode.swift; name = RegExBuilder.swift; path = State/RegExBuilder.swift; sourceTree = "<group>"; };
		9722FC561D5C157B0025A91D /* State.swift */ = {isa = PBXFileReference; fileEncoding = 4; lastKnownFileType = sourcecode.swift; path = State.swift; sourceTree = "<group>"; };
		9722FC571D5C157B0025A91D /* StateBuilder.swift */ = {isa = PBXFileReference; fileEncoding = 4; lastKnownFileType = sourcecode.swift; path = StateBuilder.swift; sourceTree = "<group>"; };
		9722FC581D5C157B0025A91D /* Transition.swift */ = {isa = PBXFileReference; fileEncoding = 4; lastKnownFileType = sourcecode.swift; path = Transition.swift; sourceTree = "<group>"; };
		9722FC5A1D5C157B0025A91D /* StringTape.swift */ = {isa = PBXFileReference; fileEncoding = 4; lastKnownFileType = sourcecode.swift; path = StringTape.swift; sourceTree = "<group>"; };
		9722FC5B1D5C157B0025A91D /* Tape.swift */ = {isa = PBXFileReference; fileEncoding = 4; lastKnownFileType = sourcecode.swift; path = Tape.swift; sourceTree = "<group>"; };
		9722FC5D1D5C157B0025A91D /* CharToken.swift */ = {isa = PBXFileReference; fileEncoding = 4; lastKnownFileType = sourcecode.swift; path = CharToken.swift; sourceTree = "<group>"; };
		9733D74A1D64437A006E06DD /* NFAutomaton.swift */ = {isa = PBXFileReference; fileEncoding = 4; lastKnownFileType = sourcecode.swift; path = NFAutomaton.swift; sourceTree = "<group>"; };
		9733D74E1D665327006E06DD /* NTransition.swift */ = {isa = PBXFileReference; fileEncoding = 4; lastKnownFileType = sourcecode.swift; name = NTransition.swift; path = State/NTransition.swift; sourceTree = "<group>"; };
		9733D7511D665754006E06DD /* Automaton.swift */ = {isa = PBXFileReference; fileEncoding = 4; lastKnownFileType = sourcecode.swift; path = Automaton.swift; sourceTree = "<group>"; };
		9733D7531D66581A006E06DD /* Counter.swift */ = {isa = PBXFileReference; fileEncoding = 4; lastKnownFileType = sourcecode.swift; path = Counter.swift; sourceTree = "<group>"; };
		9733D7551D665911006E06DD /* NFAutomatonTests.swift */ = {isa = PBXFileReference; fileEncoding = 4; lastKnownFileType = sourcecode.swift; name = NFAutomatonTests.swift; path = ../../PDAutomatonTests/NFAutomatonTests.swift; sourceTree = "<group>"; };
		9733D7581D66617E006E06DD /* EpsilonTransition.swift */ = {isa = PBXFileReference; fileEncoding = 4; lastKnownFileType = sourcecode.swift; name = EpsilonTransition.swift; path = State/EpsilonTransition.swift; sourceTree = "<group>"; };
		9733D75A1D66619F006E06DD /* TransitionProtocol.swift */ = {isa = PBXFileReference; fileEncoding = 4; lastKnownFileType = sourcecode.swift; name = TransitionProtocol.swift; path = State/TransitionProtocol.swift; sourceTree = "<group>"; };
		9751DC241D67D8EB00A760E1 /* RegExStateBuilderTests.swift */ = {isa = PBXFileReference; fileEncoding = 4; lastKnownFileType = sourcecode.swift; name = RegExStateBuilderTests.swift; path = PDAutomatonTests/RegExStateBuilderTests.swift; sourceTree = SOURCE_ROOT; };
		9751DC271D68E5C700A760E1 /* TransitionProperties.swift */ = {isa = PBXFileReference; fileEncoding = 4; lastKnownFileType = sourcecode.swift; name = TransitionProperties.swift; path = RegEx/RegExBuilderHelpers/TransitionProperties.swift; sourceTree = "<group>"; };
		9751DC291D68E64100A760E1 /* RegExState.swift */ = {isa = PBXFileReference; fileEncoding = 4; lastKnownFileType = sourcecode.swift; name = RegExState.swift; path = RegEx/RegExBuilderHelpers/RegExState.swift; sourceTree = "<group>"; };
		9751DC2B1D68E66100A760E1 /* TransitionBuilder.swift */ = {isa = PBXFileReference; fileEncoding = 4; lastKnownFileType = sourcecode.swift; name = TransitionBuilder.swift; path = RegEx/RegExBuilderHelpers/TransitionBuilder.swift; sourceTree = "<group>"; };
		9751DC2D1D6A6B6600A760E1 /* RegExBuilderInitializer.swift */ = {isa = PBXFileReference; fileEncoding = 4; lastKnownFileType = sourcecode.swift; name = RegExBuilderInitializer.swift; path = RegEx/RegExBuilderHelpers/RegExBuilderInitializer.swift; sourceTree = "<group>"; };
		9751DC2F1D6A76BF00A760E1 /* CharRangeToken.swift */ = {isa = PBXFileReference; fileEncoding = 4; lastKnownFileType = sourcecode.swift; path = CharRangeToken.swift; sourceTree = "<group>"; };
		9751DC321D6A77E100A760E1 /* TokenTests.swift */ = {isa = PBXFileReference; fileEncoding = 4; lastKnownFileType = sourcecode.swift; name = TokenTests.swift; path = PDAutomatonTests/TokenTests.swift; sourceTree = SOURCE_ROOT; };
		9751DC341D6A78E100A760E1 /* Extensions.swift */ = {isa = PBXFileReference; fileEncoding = 4; lastKnownFileType = sourcecode.swift; name = Extensions.swift; path = supporting/Extensions.swift; sourceTree = "<group>"; };
		9751DC361D6A865200A760E1 /* CharGroupToken.swift */ = {isa = PBXFileReference; fileEncoding = 4; lastKnownFileType = sourcecode.swift; path = CharGroupToken.swift; sourceTree = "<group>"; };
		9751DC391D6A89D500A760E1 /* DigitToken.swift */ = {isa = PBXFileReference; fileEncoding = 4; lastKnownFileType = sourcecode.swift; name = DigitToken.swift; path = Groups/DigitToken.swift; sourceTree = "<group>"; };
		9751DC3B1D6A8A2000A760E1 /* CharExclusionToken.swift */ = {isa = PBXFileReference; fileEncoding = 4; lastKnownFileType = sourcecode.swift; path = CharExclusionToken.swift; sourceTree = "<group>"; };
		9751DC3D1D6A8A4600A760E1 /* WhiteSpaceToken.swift */ = {isa = PBXFileReference; fileEncoding = 4; lastKnownFileType = sourcecode.swift; name = WhiteSpaceToken.swift; path = Groups/WhiteSpaceToken.swift; sourceTree = "<group>"; };
		9751DC3F1D6A8A5500A760E1 /* VerticalWhiteSpaceToken.swift */ = {isa = PBXFileReference; fileEncoding = 4; lastKnownFileType = sourcecode.swift; name = VerticalWhiteSpaceToken.swift; path = Groups/VerticalWhiteSpaceToken.swift; sourceTree = "<group>"; };
		9751DC411D6A8A6F00A760E1 /* LowerCaseToken.swift */ = {isa = PBXFileReference; fileEncoding = 4; lastKnownFileType = sourcecode.swift; name = LowerCaseToken.swift; path = Groups/LowerCaseToken.swift; sourceTree = "<group>"; };
		9751DC431D6A8A8100A760E1 /* UpperCaseToken.swift */ = {isa = PBXFileReference; fileEncoding = 4; lastKnownFileType = sourcecode.swift; name = UpperCaseToken.swift; path = Groups/UpperCaseToken.swift; sourceTree = "<group>"; };
		9751DC451D6A8A9100A760E1 /* HexToken.swift */ = {isa = PBXFileReference; fileEncoding = 4; lastKnownFileType = sourcecode.swift; name = HexToken.swift; path = Groups/HexToken.swift; sourceTree = "<group>"; };
		9751DC471D6A8AEA00A760E1 /* WordToken.swift */ = {isa = PBXFileReference; fileEncoding = 4; lastKnownFileType = sourcecode.swift; name = WordToken.swift; path = Groups/WordToken.swift; sourceTree = "<group>"; };
		9751DC491D6AB8A200A760E1 /* AnyToken.swift */ = {isa = PBXFileReference; fileEncoding = 4; lastKnownFileType = sourcecode.swift; name = AnyToken.swift; path = Groups/AnyToken.swift; sourceTree = "<group>"; };
		976A37221D628516004283F3 /* RegEx.swift */ = {isa = PBXFileReference; fileEncoding = 4; lastKnownFileType = sourcecode.swift; path = RegEx.swift; sourceTree = "<group>"; };
		976A37241D628AD2004283F3 /* RegExTests.swift */ = {isa = PBXFileReference; fileEncoding = 4; lastKnownFileType = sourcecode.swift; name = RegExTests.swift; path = PDAutomatonTests/RegExTests.swift; sourceTree = SOURCE_ROOT; };
		97A5EDF61D6794F400BE8196 /* PDAutomatonTests.swift */ = {isa = PBXFileReference; fileEncoding = 4; lastKnownFileType = sourcecode.swift; path = PDAutomatonTests.swift; sourceTree = "<group>"; };
		97DC15201D66820E001B32CB /* StateRecordList.swift */ = {isa = PBXFileReference; fileEncoding = 4; lastKnownFileType = sourcecode.swift; name = StateRecordList.swift; path = supporting/StateRecordList.swift; sourceTree = "<group>"; };
		97DC15231D668319001B32CB /* StateRecord.swift */ = {isa = PBXFileReference; fileEncoding = 4; lastKnownFileType = sourcecode.swift; name = StateRecord.swift; path = supporting/StateRecord.swift; sourceTree = "<group>"; };
		97DC15251D66AA3E001B32CB /* NPDAutomaton.swift */ = {isa = PBXFileReference; fileEncoding = 4; lastKnownFileType = sourcecode.swift; path = NPDAutomaton.swift; sourceTree = "<group>"; };
/* End PBXFileReference section */

/* Begin PBXFrameworksBuildPhase section */
		9722FC251D5C153D0025A91D /* Frameworks */ = {
			isa = PBXFrameworksBuildPhase;
			buildActionMask = 2147483647;
			files = (
			);
			runOnlyForDeploymentPostprocessing = 0;
		};
		9722FC361D5C153D0025A91D /* Frameworks */ = {
			isa = PBXFrameworksBuildPhase;
			buildActionMask = 2147483647;
			files = (
			);
			runOnlyForDeploymentPostprocessing = 0;
		};
/* End PBXFrameworksBuildPhase section */

/* Begin PBXGroup section */
		9722FC1F1D5C153D0025A91D = {
			isa = PBXGroup;
			children = (
				9722FC481D5C157B0025A91D /* src */,
				9722FC2A1D5C153D0025A91D /* PDAutomaton */,
				9722FC3C1D5C153D0025A91D /* PDAutomatonTests */,
				9722FC291D5C153D0025A91D /* Products */,
			);
			sourceTree = "<group>";
		};
		9722FC291D5C153D0025A91D /* Products */ = {
			isa = PBXGroup;
			children = (
				9722FC281D5C153D0025A91D /* PDAutomaton.app */,
				9722FC391D5C153D0025A91D /* PDAutomatonTests.xctest */,
			);
			name = Products;
			sourceTree = "<group>";
		};
		9722FC2A1D5C153D0025A91D /* PDAutomaton */ = {
			isa = PBXGroup;
			children = (
				9722FC2B1D5C153D0025A91D /* AppDelegate.swift */,
				9722FC2D1D5C153D0025A91D /* ViewController.swift */,
				9722FC2F1D5C153D0025A91D /* Assets.xcassets */,
				9722FC311D5C153D0025A91D /* Main.storyboard */,
				9722FC341D5C153D0025A91D /* Info.plist */,
			);
			path = PDAutomaton;
			sourceTree = "<group>";
		};
		9722FC3C1D5C153D0025A91D /* PDAutomatonTests */ = {
			isa = PBXGroup;
			children = (
				97A5EDF61D6794F400BE8196 /* PDAutomatonTests.swift */,
				9722FC3F1D5C153D0025A91D /* Info.plist */,
			);
			path = PDAutomatonTests;
			sourceTree = "<group>";
		};
		9722FC481D5C157B0025A91D /* src */ = {
			isa = PBXGroup;
			children = (
				9751DC221D67D88000A760E1 /* RegEx */,
				9751DC231D67D8A900A760E1 /* RegExTests */,
				97DC151F1D6681E0001B32CB /* supporting */,
				9733D7511D665754006E06DD /* Automaton.swift */,
				9733D7501D665401006E06DD /* NFA */,
				9722FC491D5C157B0025A91D /* Acceptable.swift */,
				9722FC4E1D5C157B0025A91D /* FSMachine.swift */,
				9722FC501D5C157B0025A91D /* PDAutomaton.swift */,
				9722FC511D5C157B0025A91D /* Stack */,
				9722FC541D5C157B0025A91D /* State */,
				9722FC591D5C157B0025A91D /* Tape */,
				9722FC5C1D5C157B0025A91D /* Token */,
			);
			name = src;
			path = PDAutomaton/src;
			sourceTree = "<group>";
		};
		9722FC511D5C157B0025A91D /* Stack */ = {
			isa = PBXGroup;
			children = (
				9722FC521D5C157B0025A91D /* Stack.swift */,
				9722FC531D5C157B0025A91D /* StackRecord.swift */,
			);
			path = Stack;
			sourceTree = "<group>";
		};
		9722FC541D5C157B0025A91D /* State */ = {
			isa = PBXGroup;
			children = (
				9722FC561D5C157B0025A91D /* State.swift */,
				9722FC571D5C157B0025A91D /* StateBuilder.swift */,
				9722FC581D5C157B0025A91D /* Transition.swift */,
			);
			path = State;
			sourceTree = "<group>";
		};
		9722FC591D5C157B0025A91D /* Tape */ = {
			isa = PBXGroup;
			children = (
				9722FC5A1D5C157B0025A91D /* StringTape.swift */,
				9722FC5B1D5C157B0025A91D /* Tape.swift */,
			);
			path = Tape;
			sourceTree = "<group>";
		};
		9722FC5C1D5C157B0025A91D /* Token */ = {
			isa = PBXGroup;
			children = (
				9722FC5D1D5C157B0025A91D /* CharToken.swift */,
				9751DC2F1D6A76BF00A760E1 /* CharRangeToken.swift */,
				9751DC361D6A865200A760E1 /* CharGroupToken.swift */,
				9751DC3B1D6A8A2000A760E1 /* CharExclusionToken.swift */,
				9751DC381D6A89B900A760E1 /* Groups */,
				9751DC311D6A77C100A760E1 /* TokenTests */,
			);
			path = Token;
			sourceTree = "<group>";
		};
		9733D7501D665401006E06DD /* NFA */ = {
			isa = PBXGroup;
			children = (
				9733D74A1D64437A006E06DD /* NFAutomaton.swift */,
				97DC15251D66AA3E001B32CB /* NPDAutomaton.swift */,
				9733D75A1D66619F006E06DD /* TransitionProtocol.swift */,
				9733D74E1D665327006E06DD /* NTransition.swift */,
				9733D7581D66617E006E06DD /* EpsilonTransition.swift */,
				9733D7531D66581A006E06DD /* Counter.swift */,
				9733D7571D6659B1006E06DD /* NFATests */,
			);
			name = NFA;
			sourceTree = "<group>";
		};
		9733D7571D6659B1006E06DD /* NFATests */ = {
			isa = PBXGroup;
			children = (
				9733D7551D665911006E06DD /* NFAutomatonTests.swift */,
				9722FC3D1D5C153D0025A91D /* NPDAutomatonTests.swift */,
			);
			name = NFATests;
			sourceTree = "<group>";
		};
		9751DC221D67D88000A760E1 /* RegEx */ = {
			isa = PBXGroup;
			children = (
				9751DC261D68E58600A760E1 /* RegExBuilderHelpers */,
				976A37221D628516004283F3 /* RegEx.swift */,
				9722FC551D5C157B0025A91D /* RegExBuilder.swift */,
			);
			name = RegEx;
			sourceTree = "<group>";
		};
		9751DC231D67D8A900A760E1 /* RegExTests */ = {
			isa = PBXGroup;
			children = (
				976A37241D628AD2004283F3 /* RegExTests.swift */,
				9751DC241D67D8EB00A760E1 /* RegExStateBuilderTests.swift */,
			);
			name = RegExTests;
			sourceTree = "<group>";
		};
		9751DC261D68E58600A760E1 /* RegExBuilderHelpers */ = {
			isa = PBXGroup;
			children = (
				9751DC271D68E5C700A760E1 /* TransitionProperties.swift */,
				9751DC291D68E64100A760E1 /* RegExState.swift */,
				9751DC2B1D68E66100A760E1 /* TransitionBuilder.swift */,
				9751DC2D1D6A6B6600A760E1 /* RegExBuilderInitializer.swift */,
			);
			name = RegExBuilderHelpers;
			sourceTree = "<group>";
		};
		9751DC311D6A77C100A760E1 /* TokenTests */ = {
			isa = PBXGroup;
			children = (
				9751DC321D6A77E100A760E1 /* TokenTests.swift */,
			);
			name = TokenTests;
			sourceTree = "<group>";
		};
		9751DC381D6A89B900A760E1 /* Groups */ = {
			isa = PBXGroup;
			children = (
				9751DC391D6A89D500A760E1 /* DigitToken.swift */,
				9751DC411D6A8A6F00A760E1 /* LowerCaseToken.swift */,
				9751DC431D6A8A8100A760E1 /* UpperCaseToken.swift */,
				9751DC471D6A8AEA00A760E1 /* WordToken.swift */,
				9751DC3D1D6A8A4600A760E1 /* WhiteSpaceToken.swift */,
				9751DC3F1D6A8A5500A760E1 /* VerticalWhiteSpaceToken.swift */,
				9751DC451D6A8A9100A760E1 /* HexToken.swift */,
				9751DC491D6AB8A200A760E1 /* AnyToken.swift */,
			);
			name = Groups;
			sourceTree = "<group>";
		};
		97DC151F1D6681E0001B32CB /* supporting */ = {
			isa = PBXGroup;
			children = (
				97DC15201D66820E001B32CB /* StateRecordList.swift */,
				97DC15231D668319001B32CB /* StateRecord.swift */,
				9751DC341D6A78E100A760E1 /* Extensions.swift */,
			);
			name = supporting;
			sourceTree = "<group>";
		};
/* End PBXGroup section */

/* Begin PBXNativeTarget section */
		9722FC271D5C153D0025A91D /* PDAutomaton */ = {
			isa = PBXNativeTarget;
			buildConfigurationList = 9722FC421D5C153D0025A91D /* Build configuration list for PBXNativeTarget "PDAutomaton" */;
			buildPhases = (
				9722FC241D5C153D0025A91D /* Sources */,
				9722FC251D5C153D0025A91D /* Frameworks */,
				9722FC261D5C153D0025A91D /* Resources */,
			);
			buildRules = (
			);
			dependencies = (
			);
			name = PDAutomaton;
			productName = PDAutomaton;
			productReference = 9722FC281D5C153D0025A91D /* PDAutomaton.app */;
			productType = "com.apple.product-type.application";
		};
		9722FC381D5C153D0025A91D /* PDAutomatonTests */ = {
			isa = PBXNativeTarget;
			buildConfigurationList = 9722FC451D5C153D0025A91D /* Build configuration list for PBXNativeTarget "PDAutomatonTests" */;
			buildPhases = (
				9722FC351D5C153D0025A91D /* Sources */,
				9722FC361D5C153D0025A91D /* Frameworks */,
				9722FC371D5C153D0025A91D /* Resources */,
			);
			buildRules = (
			);
			dependencies = (
				9722FC3B1D5C153D0025A91D /* PBXTargetDependency */,
			);
			name = PDAutomatonTests;
			productName = PDAutomatonTests;
			productReference = 9722FC391D5C153D0025A91D /* PDAutomatonTests.xctest */;
			productType = "com.apple.product-type.bundle.unit-test";
		};
/* End PBXNativeTarget section */

/* Begin PBXProject section */
		9722FC201D5C153D0025A91D /* Project object */ = {
			isa = PBXProject;
			attributes = {
				LastSwiftUpdateCheck = 0800;
				LastUpgradeCheck = 0800;
				ORGANIZATIONNAME = "Axel Ancona Esselmann";
				TargetAttributes = {
					9722FC271D5C153D0025A91D = {
						CreatedOnToolsVersion = 8.0;
						ProvisioningStyle = Automatic;
					};
					9722FC381D5C153D0025A91D = {
						CreatedOnToolsVersion = 8.0;
						ProvisioningStyle = Automatic;
						TestTargetID = 9722FC271D5C153D0025A91D;
					};
				};
			};
			buildConfigurationList = 9722FC231D5C153D0025A91D /* Build configuration list for PBXProject "PDAutomaton" */;
			compatibilityVersion = "Xcode 3.2";
			developmentRegion = English;
			hasScannedForEncodings = 0;
			knownRegions = (
				en,
				Base,
			);
			mainGroup = 9722FC1F1D5C153D0025A91D;
			productRefGroup = 9722FC291D5C153D0025A91D /* Products */;
			projectDirPath = "";
			projectRoot = "";
			targets = (
				9722FC271D5C153D0025A91D /* PDAutomaton */,
				9722FC381D5C153D0025A91D /* PDAutomatonTests */,
			);
		};
/* End PBXProject section */

/* Begin PBXResourcesBuildPhase section */
		9722FC261D5C153D0025A91D /* Resources */ = {
			isa = PBXResourcesBuildPhase;
			buildActionMask = 2147483647;
			files = (
				9722FC301D5C153D0025A91D /* Assets.xcassets in Resources */,
				9722FC331D5C153D0025A91D /* Main.storyboard in Resources */,
			);
			runOnlyForDeploymentPostprocessing = 0;
		};
		9722FC371D5C153D0025A91D /* Resources */ = {
			isa = PBXResourcesBuildPhase;
			buildActionMask = 2147483647;
			files = (
			);
			runOnlyForDeploymentPostprocessing = 0;
		};
/* End PBXResourcesBuildPhase section */

/* Begin PBXSourcesBuildPhase section */
		9722FC241D5C153D0025A91D /* Sources */ = {
			isa = PBXSourcesBuildPhase;
			buildActionMask = 2147483647;
			files = (
				9751DC281D68E5C700A760E1 /* TransitionProperties.swift in Sources */,
				9733D7541D66581A006E06DD /* Counter.swift in Sources */,
				976A37231D628516004283F3 /* RegEx.swift in Sources */,
				9751DC481D6A8AEA00A760E1 /* WordToken.swift in Sources */,
				9722FC651D5C157B0025A91D /* PDAutomaton.swift in Sources */,
				9722FC671D5C157B0025A91D /* StackRecord.swift in Sources */,
				9751DC461D6A8A9100A760E1 /* HexToken.swift in Sources */,
				9733D7521D665754006E06DD /* Automaton.swift in Sources */,
				9751DC2E1D6A6B6600A760E1 /* RegExBuilderInitializer.swift in Sources */,
				9722FC691D5C157B0025A91D /* State.swift in Sources */,
				9751DC301D6A76BF00A760E1 /* CharRangeToken.swift in Sources */,
				9722FC661D5C157B0025A91D /* Stack.swift in Sources */,
				9722FC6D1D5C157B0025A91D /* Tape.swift in Sources */,
				9751DC441D6A8A8100A760E1 /* UpperCaseToken.swift in Sources */,
				9751DC2A1D68E64100A760E1 /* RegExState.swift in Sources */,
				9722FC631D5C157B0025A91D /* FSMachine.swift in Sources */,
				9733D74B1D64437A006E06DD /* NFAutomaton.swift in Sources */,
				9722FC6B1D5C157B0025A91D /* Transition.swift in Sources */,
				9751DC2C1D68E66100A760E1 /* TransitionBuilder.swift in Sources */,
				9722FC2E1D5C153D0025A91D /* ViewController.swift in Sources */,
				97DC15211D66820E001B32CB /* StateRecordList.swift in Sources */,
				9751DC3C1D6A8A2000A760E1 /* CharExclusionToken.swift in Sources */,
				9751DC401D6A8A5500A760E1 /* VerticalWhiteSpaceToken.swift in Sources */,
				9733D75B1D66619F006E06DD /* TransitionProtocol.swift in Sources */,
				9722FC6C1D5C157B0025A91D /* StringTape.swift in Sources */,
				9722FC681D5C157B0025A91D /* RegExBuilder.swift in Sources */,
				9751DC4A1D6AB8A200A760E1 /* AnyToken.swift in Sources */,
				9751DC3E1D6A8A4600A760E1 /* WhiteSpaceToken.swift in Sources */,
				9722FC6A1D5C157B0025A91D /* StateBuilder.swift in Sources */,
				9733D74F1D665327006E06DD /* NTransition.swift in Sources */,
				9722FC5F1D5C157B0025A91D /* Acceptable.swift in Sources */,
				97DC15241D668319001B32CB /* StateRecord.swift in Sources */,
				9751DC371D6A865200A760E1 /* CharGroupToken.swift in Sources */,
				9751DC421D6A8A6F00A760E1 /* LowerCaseToken.swift in Sources */,
				9751DC351D6A78E100A760E1 /* Extensions.swift in Sources */,
				9722FC2C1D5C153D0025A91D /* AppDelegate.swift in Sources */,
				9733D7591D66617E006E06DD /* EpsilonTransition.swift in Sources */,
				9751DC3A1D6A89D500A760E1 /* DigitToken.swift in Sources */,
				97DC15261D66AA3E001B32CB /* NPDAutomaton.swift in Sources */,
				9722FC6E1D5C157B0025A91D /* CharToken.swift in Sources */,
			);
			runOnlyForDeploymentPostprocessing = 0;
		};
		9722FC351D5C153D0025A91D /* Sources */ = {
			isa = PBXSourcesBuildPhase;
			buildActionMask = 2147483647;
			files = (
				97A5EDF71D6794F400BE8196 /* PDAutomatonTests.swift in Sources */,
				9727596B1D666B3D00F3DE14 /* NFAutomatonTests.swift in Sources */,
				9751DC251D67D8EB00A760E1 /* RegExStateBuilderTests.swift in Sources */,
				9751DC331D6A77E100A760E1 /* TokenTests.swift in Sources */,
				9722FC3E1D5C153D0025A91D /* NPDAutomatonTests.swift in Sources */,
				976A37251D628AD2004283F3 /* RegExTests.swift in Sources */,
			);
			runOnlyForDeploymentPostprocessing = 0;
		};
/* End PBXSourcesBuildPhase section */

/* Begin PBXTargetDependency section */
		9722FC3B1D5C153D0025A91D /* PBXTargetDependency */ = {
			isa = PBXTargetDependency;
			target = 9722FC271D5C153D0025A91D /* PDAutomaton */;
			targetProxy = 9722FC3A1D5C153D0025A91D /* PBXContainerItemProxy */;
		};
/* End PBXTargetDependency section */

/* Begin PBXVariantGroup section */
		9722FC311D5C153D0025A91D /* Main.storyboard */ = {
			isa = PBXVariantGroup;
			children = (
				9722FC321D5C153D0025A91D /* Base */,
			);
			name = Main.storyboard;
			sourceTree = "<group>";
		};
/* End PBXVariantGroup section */

/* Begin XCBuildConfiguration section */
		9722FC401D5C153D0025A91D /* Debug */ = {
			isa = XCBuildConfiguration;
			buildSettings = {
				ALWAYS_SEARCH_USER_PATHS = NO;
				CLANG_ANALYZER_NONNULL = YES;
				CLANG_CXX_LANGUAGE_STANDARD = "gnu++0x";
				CLANG_CXX_LIBRARY = "libc++";
				CLANG_ENABLE_MODULES = YES;
				CLANG_ENABLE_OBJC_ARC = YES;
				CLANG_WARN_BOOL_CONVERSION = YES;
				CLANG_WARN_CONSTANT_CONVERSION = YES;
				CLANG_WARN_DIRECT_OBJC_ISA_USAGE = YES_ERROR;
				CLANG_WARN_DOCUMENTATION_COMMENTS = YES;
				CLANG_WARN_EMPTY_BODY = YES;
				CLANG_WARN_ENUM_CONVERSION = YES;
				CLANG_WARN_INFINITE_RECURSION = YES;
				CLANG_WARN_INT_CONVERSION = YES;
				CLANG_WARN_OBJC_ROOT_CLASS = YES_ERROR;
				CLANG_WARN_SUSPICIOUS_MOVES = YES;
				CLANG_WARN_UNREACHABLE_CODE = YES;
				CLANG_WARN__DUPLICATE_METHOD_MATCH = YES;
				CODE_SIGN_IDENTITY = "-";
				COPY_PHASE_STRIP = NO;
				DEBUG_INFORMATION_FORMAT = dwarf;
				ENABLE_STRICT_OBJC_MSGSEND = YES;
				ENABLE_TESTABILITY = YES;
				GCC_C_LANGUAGE_STANDARD = gnu99;
				GCC_DYNAMIC_NO_PIC = NO;
				GCC_NO_COMMON_BLOCKS = YES;
				GCC_OPTIMIZATION_LEVEL = 0;
				GCC_PREPROCESSOR_DEFINITIONS = (
					"DEBUG=1",
					"$(inherited)",
				);
				GCC_WARN_64_TO_32_BIT_CONVERSION = YES;
				GCC_WARN_ABOUT_RETURN_TYPE = YES_ERROR;
				GCC_WARN_UNDECLARED_SELECTOR = YES;
				GCC_WARN_UNINITIALIZED_AUTOS = YES_AGGRESSIVE;
				GCC_WARN_UNUSED_FUNCTION = YES;
				GCC_WARN_UNUSED_VARIABLE = YES;
				MACOSX_DEPLOYMENT_TARGET = 10.12;
				MTL_ENABLE_DEBUG_INFO = YES;
				ONLY_ACTIVE_ARCH = YES;
				SDKROOT = macosx;
				SWIFT_ACTIVE_COMPILATION_CONDITIONS = DEBUG;
				SWIFT_OPTIMIZATION_LEVEL = "-Onone";
			};
			name = Debug;
		};
		9722FC411D5C153D0025A91D /* Release */ = {
			isa = XCBuildConfiguration;
			buildSettings = {
				ALWAYS_SEARCH_USER_PATHS = NO;
				CLANG_ANALYZER_NONNULL = YES;
				CLANG_CXX_LANGUAGE_STANDARD = "gnu++0x";
				CLANG_CXX_LIBRARY = "libc++";
				CLANG_ENABLE_MODULES = YES;
				CLANG_ENABLE_OBJC_ARC = YES;
				CLANG_WARN_BOOL_CONVERSION = YES;
				CLANG_WARN_CONSTANT_CONVERSION = YES;
				CLANG_WARN_DIRECT_OBJC_ISA_USAGE = YES_ERROR;
				CLANG_WARN_DOCUMENTATION_COMMENTS = YES;
				CLANG_WARN_EMPTY_BODY = YES;
				CLANG_WARN_ENUM_CONVERSION = YES;
				CLANG_WARN_INFINITE_RECURSION = YES;
				CLANG_WARN_INT_CONVERSION = YES;
				CLANG_WARN_OBJC_ROOT_CLASS = YES_ERROR;
				CLANG_WARN_SUSPICIOUS_MOVES = YES;
				CLANG_WARN_UNREACHABLE_CODE = YES;
				CLANG_WARN__DUPLICATE_METHOD_MATCH = YES;
				CODE_SIGN_IDENTITY = "-";
				COPY_PHASE_STRIP = NO;
				DEBUG_INFORMATION_FORMAT = "dwarf-with-dsym";
				ENABLE_NS_ASSERTIONS = NO;
				ENABLE_STRICT_OBJC_MSGSEND = YES;
				GCC_C_LANGUAGE_STANDARD = gnu99;
				GCC_NO_COMMON_BLOCKS = YES;
				GCC_WARN_64_TO_32_BIT_CONVERSION = YES;
				GCC_WARN_ABOUT_RETURN_TYPE = YES_ERROR;
				GCC_WARN_UNDECLARED_SELECTOR = YES;
				GCC_WARN_UNINITIALIZED_AUTOS = YES_AGGRESSIVE;
				GCC_WARN_UNUSED_FUNCTION = YES;
				GCC_WARN_UNUSED_VARIABLE = YES;
				MACOSX_DEPLOYMENT_TARGET = 10.12;
				MTL_ENABLE_DEBUG_INFO = NO;
				SDKROOT = macosx;
				SWIFT_OPTIMIZATION_LEVEL = "-Owholemodule";
			};
			name = Release;
		};
		9722FC431D5C153D0025A91D /* Debug */ = {
			isa = XCBuildConfiguration;
			buildSettings = {
				ASSETCATALOG_COMPILER_APPICON_NAME = AppIcon;
				COMBINE_HIDPI_IMAGES = YES;
				INFOPLIST_FILE = PDAutomaton/Info.plist;
				LD_RUNPATH_SEARCH_PATHS = "$(inherited) @executable_path/../Frameworks";
				PRODUCT_BUNDLE_IDENTIFIER = com.anconaesselmann.PDAutomaton;
				PRODUCT_NAME = "$(TARGET_NAME)";
				SWIFT_VERSION = 3.0;
			};
			name = Debug;
		};
		9722FC441D5C153D0025A91D /* Release */ = {
			isa = XCBuildConfiguration;
			buildSettings = {
				ASSETCATALOG_COMPILER_APPICON_NAME = AppIcon;
				COMBINE_HIDPI_IMAGES = YES;
				INFOPLIST_FILE = PDAutomaton/Info.plist;
				LD_RUNPATH_SEARCH_PATHS = "$(inherited) @executable_path/../Frameworks";
				PRODUCT_BUNDLE_IDENTIFIER = com.anconaesselmann.PDAutomaton;
				PRODUCT_NAME = "$(TARGET_NAME)";
				SWIFT_VERSION = 3.0;
			};
			name = Release;
		};
		9722FC461D5C153D0025A91D /* Debug */ = {
			isa = XCBuildConfiguration;
			buildSettings = {
				BUNDLE_LOADER = "$(TEST_HOST)";
				COMBINE_HIDPI_IMAGES = YES;
				INFOPLIST_FILE = PDAutomatonTests/Info.plist;
				LD_RUNPATH_SEARCH_PATHS = "$(inherited) @executable_path/../Frameworks @loader_path/../Frameworks";
				PRODUCT_BUNDLE_IDENTIFIER = com.anconaesselmann.PDAutomatonTests;
				PRODUCT_NAME = "$(TARGET_NAME)";
				SWIFT_VERSION = 3.0;
				TEST_HOST = "$(BUILT_PRODUCTS_DIR)/PDAutomaton.app/Contents/MacOS/PDAutomaton";
			};
			name = Debug;
		};
		9722FC471D5C153D0025A91D /* Release */ = {
			isa = XCBuildConfiguration;
			buildSettings = {
				BUNDLE_LOADER = "$(TEST_HOST)";
				COMBINE_HIDPI_IMAGES = YES;
				INFOPLIST_FILE = PDAutomatonTests/Info.plist;
				LD_RUNPATH_SEARCH_PATHS = "$(inherited) @executable_path/../Frameworks @loader_path/../Frameworks";
				PRODUCT_BUNDLE_IDENTIFIER = com.anconaesselmann.PDAutomatonTests;
				PRODUCT_NAME = "$(TARGET_NAME)";
				SWIFT_VERSION = 3.0;
				TEST_HOST = "$(BUILT_PRODUCTS_DIR)/PDAutomaton.app/Contents/MacOS/PDAutomaton";
			};
			name = Release;
		};
/* End XCBuildConfiguration section */

/* Begin XCConfigurationList section */
		9722FC231D5C153D0025A91D /* Build configuration list for PBXProject "PDAutomaton" */ = {
			isa = XCConfigurationList;
			buildConfigurations = (
				9722FC401D5C153D0025A91D /* Debug */,
				9722FC411D5C153D0025A91D /* Release */,
			);
			defaultConfigurationIsVisible = 0;
			defaultConfigurationName = Release;
		};
		9722FC421D5C153D0025A91D /* Build configuration list for PBXNativeTarget "PDAutomaton" */ = {
			isa = XCConfigurationList;
			buildConfigurations = (
				9722FC431D5C153D0025A91D /* Debug */,
				9722FC441D5C153D0025A91D /* Release */,
			);
			defaultConfigurationIsVisible = 0;
			defaultConfigurationName = Release;
		};
		9722FC451D5C153D0025A91D /* Build configuration list for PBXNativeTarget "PDAutomatonTests" */ = {
			isa = XCConfigurationList;
			buildConfigurations = (
				9722FC461D5C153D0025A91D /* Debug */,
				9722FC471D5C153D0025A91D /* Release */,
			);
			defaultConfigurationIsVisible = 0;
			defaultConfigurationName = Release;
		};
/* End XCConfigurationList section */
	};
	rootObject = 9722FC201D5C153D0025A91D /* Project object */;
}
